
Microsoft Visual Studio Solution File, Format Version 12.00
# Visual Studio 2013
VisualStudioVersion = 12.0.21005.1
MinimumVisualStudioVersion = 10.0.40219.1
Project("{2150E333-8FDC-42A3-9474-1A3956D46DE8}") = "cryptors", "cryptors", "{7E66AF22-2B21-40E2-A96C-A6DD6C4CC21F}"
EndProject
Project("{2150E333-8FDC-42A3-9474-1A3956D46DE8}") = "hash", "hash", "{A05162DB-71DA-454E-8450-4637B9FEE53B}"
EndProject
Project("{8BC9CEB8-8B4A-11D0-8D11-00A0C91BC942}") = "XOR", "xor\xor.vcxproj", "{2A29615F-DBB6-4EF2-AB79-8AACE96ECBA8}"
EndProject
Project("{8BC9CEB8-8B4A-11D0-8D11-00A0C91BC942}") = "DES", "DES\DES.vcxproj", "{85429D9D-2725-4E40-8A14-BCA42474D913}"
EndProject
Project("{8BC9CEB8-8B4A-11D0-8D11-00A0C91BC942}") = "CRC", "CRC\CRC.vcxproj", "{B1F719EE-16E1-44EE-BB4A-7D5A98838E39}"
EndProject
Project("{8BC9CEB8-8B4A-11D0-8D11-00A0C91BC942}") = "MD-5", "md5\md5.vcxproj", "{C0E57F88-7879-4951-8F44-11ECE274C5E6}"
EndProject
Project("{8BC9CEB8-8B4A-11D0-8D11-00A0C91BC942}") = "SHA-1", "SHA-1\SHA-1.vcxproj", "{44EAF952-1E2A-4353-80B2-CB1F2BD120DB}"
EndProject
Project("{2150E333-8FDC-42A3-9474-1A3956D46DE8}") = "compress", "compress", "{96F469B5-3626-4CCE-8B2D-0B6C46720EAB}"
EndProject
Project("{8BC9CEB8-8B4A-11D0-8D11-00A0C91BC942}") = "LZ77", "LZ77\LZ77.vcxproj", "{2A34AE26-1F76-4907-BF29-AB26A219061B}"
EndProject
Project("{8BC9CEB8-8B4A-11D0-8D11-00A0C91BC942}") = "LZMA", "LZMA\LZMA.vcxproj", "{E016D41E-E030-41B5-820C-EF14A65C687F}"
EndProject
Project("{8BC9CEB8-8B4A-11D0-8D11-00A0C91BC942}") = "HUFFMAN", "HUFFMAN\HUFFMAN.vcxproj", "{07EE0A52-20C5-449F-8D21-9DCB155462AE}"
EndProject
Project("{8BC9CEB8-8B4A-11D0-8D11-00A0C91BC942}") = "SHANNON-FANO", "SHANNON-FANO\SHANNON-FANO.vcxproj", "{7CFC01F8-EFE9-42F8-9A29-AF53FBD1DE0A}"
EndProject
Global
	GlobalSection(SolutionConfigurationPlatforms) = preSolution
		Debug|Win32 = Debug|Win32
		Release|Win32 = Release|Win32
	EndGlobalSection
	GlobalSection(ProjectConfigurationPlatforms) = postSolution
		{2A29615F-DBB6-4EF2-AB79-8AACE96ECBA8}.Debug|Win32.ActiveCfg = Debug|Win32
		{2A29615F-DBB6-4EF2-AB79-8AACE96ECBA8}.Debug|Win32.Build.0 = Debug|Win32
		{2A29615F-DBB6-4EF2-AB79-8AACE96ECBA8}.Release|Win32.ActiveCfg = Release|Win32
		{2A29615F-DBB6-4EF2-AB79-8AACE96ECBA8}.Release|Win32.Build.0 = Release|Win32
		{85429D9D-2725-4E40-8A14-BCA42474D913}.Debug|Win32.ActiveCfg = Debug|Win32
		{85429D9D-2725-4E40-8A14-BCA42474D913}.Debug|Win32.Build.0 = Debug|Win32
		{85429D9D-2725-4E40-8A14-BCA42474D913}.Release|Win32.ActiveCfg = Release|Win32
		{85429D9D-2725-4E40-8A14-BCA42474D913}.Release|Win32.Build.0 = Release|Win32
		{B1F719EE-16E1-44EE-BB4A-7D5A98838E39}.Debug|Win32.ActiveCfg = Debug|Win32
		{B1F719EE-16E1-44EE-BB4A-7D5A98838E39}.Debug|Win32.Build.0 = Debug|Win32
		{B1F719EE-16E1-44EE-BB4A-7D5A98838E39}.Release|Win32.ActiveCfg = Release|Win32
		{B1F719EE-16E1-44EE-BB4A-7D5A98838E39}.Release|Win32.Build.0 = Release|Win32
		{C0E57F88-7879-4951-8F44-11ECE274C5E6}.Debug|Win32.ActiveCfg = Debug|Win32
		{C0E57F88-7879-4951-8F44-11ECE274C5E6}.Debug|Win32.Build.0 = Debug|Win32
		{C0E57F88-7879-4951-8F44-11ECE274C5E6}.Release|Win32.ActiveCfg = Release|Win32
		{C0E57F88-7879-4951-8F44-11ECE274C5E6}.Release|Win32.Build.0 = Release|Win32
		{44EAF952-1E2A-4353-80B2-CB1F2BD120DB}.Debug|Win32.ActiveCfg = Debug|Win32
		{44EAF952-1E2A-4353-80B2-CB1F2BD120DB}.Debug|Win32.Build.0 = Debug|Win32
		{44EAF952-1E2A-4353-80B2-CB1F2BD120DB}.Release|Win32.ActiveCfg = Release|Win32
		{44EAF952-1E2A-4353-80B2-CB1F2BD120DB}.Release|Win32.Build.0 = Release|Win32
		{2A34AE26-1F76-4907-BF29-AB26A219061B}.Debug|Win32.ActiveCfg = Debug|Win32
		{2A34AE26-1F76-4907-BF29-AB26A219061B}.Debug|Win32.Build.0 = Debug|Win32
		{2A34AE26-1F76-4907-BF29-AB26A219061B}.Release|Win32.ActiveCfg = Release|Win32
		{2A34AE26-1F76-4907-BF29-AB26A219061B}.Release|Win32.Build.0 = Release|Win32
		{E016D41E-E030-41B5-820C-EF14A65C687F}.Debug|Win32.ActiveCfg = Debug|Win32
		{E016D41E-E030-41B5-820C-EF14A65C687F}.Debug|Win32.Build.0 = Debug|Win32
		{E016D41E-E030-41B5-820C-EF14A65C687F}.Release|Win32.ActiveCfg = Release|Win32
		{E016D41E-E030-41B5-820C-EF14A65C687F}.Release|Win32.Build.0 = Release|Win32
		{07EE0A52-20C5-449F-8D21-9DCB155462AE}.Debug|Win32.ActiveCfg = Debug|Win32
		{07EE0A52-20C5-449F-8D21-9DCB155462AE}.Debug|Win32.Build.0 = Debug|Win32
		{07EE0A52-20C5-449F-8D21-9DCB155462AE}.Release|Win32.ActiveCfg = Release|Win32
		{07EE0A52-20C5-449F-8D21-9DCB155462AE}.Release|Win32.Build.0 = Release|Win32
		{7CFC01F8-EFE9-42F8-9A29-AF53FBD1DE0A}.Debug|Win32.ActiveCfg = Debug|Win32
		{7CFC01F8-EFE9-42F8-9A29-AF53FBD1DE0A}.Debug|Win32.Build.0 = Debug|Win32
		{7CFC01F8-EFE9-42F8-9A29-AF53FBD1DE0A}.Release|Win32.ActiveCfg = Release|Win32
		{7CFC01F8-EFE9-42F8-9A29-AF53FBD1DE0A}.Release|Win32.Build.0 = Release|Win32
	EndGlobalSection
	GlobalSection(SolutionProperties) = preSolution
		HideSolutionNode = FALSE
	EndGlobalSection
	GlobalSection(NestedProjects) = preSolution
		{2A29615F-DBB6-4EF2-AB79-8AACE96ECBA8} = {7E66AF22-2B21-40E2-A96C-A6DD6C4CC21F}
		{85429D9D-2725-4E40-8A14-BCA42474D913} = {7E66AF22-2B21-40E2-A96C-A6DD6C4CC21F}
		{B1F719EE-16E1-44EE-BB4A-7D5A98838E39} = {A05162DB-71DA-454E-8450-4637B9FEE53B}
		{C0E57F88-7879-4951-8F44-11ECE274C5E6} = {A05162DB-71DA-454E-8450-4637B9FEE53B}
		{44EAF952-1E2A-4353-80B2-CB1F2BD120DB} = {A05162DB-71DA-454E-8450-4637B9FEE53B}
		{2A34AE26-1F76-4907-BF29-AB26A219061B} = {96F469B5-3626-4CCE-8B2D-0B6C46720EAB}
		{E016D41E-E030-41B5-820C-EF14A65C687F} = {96F469B5-3626-4CCE-8B2D-0B6C46720EAB}
		{07EE0A52-20C5-449F-8D21-9DCB155462AE} = {96F469B5-3626-4CCE-8B2D-0B6C46720EAB}
		{7CFC01F8-EFE9-42F8-9A29-AF53FBD1DE0A} = {96F469B5-3626-4CCE-8B2D-0B6C46720EAB}
	EndGlobalSection
EndGlobal
